
Microsoft Visual Studio Solution File, Format Version 12.00
# Visual Studio Version 17
VisualStudioVersion = 17.13.35931.197 d17.13
MinimumVisualStudioVersion = 10.0.40219.1
Project("{2150E333-8FDC-42A3-9474-1A3956D46DE8}") = "Task0", "Task0", "{02EA681E-C7D8-13C7-8484-4AC65E1B71E8}"
EndProject
Project("{FAE04EC0-301F-11D3-BF4B-00C04F79EFBC}") = "Tyuiu.NazarovAA.Sprint5.Task0.V25", "Tyuiu.NazarovAA.Sprint5.Task0.V25\Tyuiu.NazarovAA.Sprint5.Task0.V25.csproj", "{32578576-FD6D-4334-9C84-31D0B2F34EFF}"
EndProject
Project("{FAE04EC0-301F-11D3-BF4B-00C04F79EFBC}") = "Tyuiu.NazarovAA.Sprint5.Task0.V25.Lib", "Tyuiu.NazarovAA.Sprint5.Task0.V25.Lib\Tyuiu.NazarovAA.Sprint5.Task0.V25.Lib.csproj", "{0A216DA3-7E7D-4A2E-B654-20F89410EB94}"
EndProject
Project("{FAE04EC0-301F-11D3-BF4B-00C04F79EFBC}") = "Tyuiu.NazarovAA.Sprint5.Task0.V25.Test", "Tyuiu.NazarovAA.Sprint5.Task0.V25.Test\Tyuiu.NazarovAA.Sprint5.Task0.V25.Test.csproj", "{CE3211B4-D1A2-4391-ADBA-EC14EE09318C}"
EndProject
Project("{2150E333-8FDC-42A3-9474-1A3956D46DE8}") = "Task1", "Task1", "{E7A603D2-4F05-4FA5-8D60-7538D517C1A0}"
EndProject
Project("{FAE04EC0-301F-11D3-BF4B-00C04F79EFBC}") = "Tyuiu.NazarovAA.Sprint5.Task1.V21", "Tyuiu.NazarovAA.Sprint5.Task1.V21\Tyuiu.NazarovAA.Sprint5.Task1.V21.csproj", "{F30B2688-00F9-4EA7-BC8B-A323BBCFE7C3}"
EndProject
Project("{FAE04EC0-301F-11D3-BF4B-00C04F79EFBC}") = "Tyuiu.NazarovAA.Sprint5.Task1.V21.Test", "Tyuiu.NazarovAA.Sprint5.Task1.V21.Test\Tyuiu.NazarovAA.Sprint5.Task1.V21.Test.csproj", "{A057C8AC-2CD1-4DDB-99B8-3DD2AF3EC5B3}"
EndProject
Project("{FAE04EC0-301F-11D3-BF4B-00C04F79EFBC}") = "Tyuiu.NazarovAA.Sprint5.Task1.V21.Lib", "Tyuiu.NazarovAA.Sprint5.Task1.V21.Lib\Tyuiu.NazarovAA.Sprint5.Task1.V21.Lib.csproj", "{B02CD212-B30B-4FCE-9978-E040A6983438}"
EndProject
Project("{2150E333-8FDC-42A3-9474-1A3956D46DE8}") = "Task2", "Task2", "{C425911F-F1FD-49BC-A729-DA1D6A92803D}"
EndProject
Project("{FAE04EC0-301F-11D3-BF4B-00C04F79EFBC}") = "Tyuiu.NazarovAA.Sprint5.Task2.V21", "Tyuiu.NazarovAA.Sprint5.Task2.V21\Tyuiu.NazarovAA.Sprint5.Task2.V21.csproj", "{EB7AF4C1-19F5-4E07-91CC-71B8A97A3202}"
EndProject
Project("{FAE04EC0-301F-11D3-BF4B-00C04F79EFBC}") = "Tyuiu.NazarovAA.Sprint5.Task2.V21.Lib", "Tyuiu.NazarovAA.Sprint5.Task2.V21.Lib\Tyuiu.NazarovAA.Sprint5.Task2.V21.Lib.csproj", "{18F5E577-F64F-429A-B20A-67ACC2307252}"
EndProject
Project("{FAE04EC0-301F-11D3-BF4B-00C04F79EFBC}") = "Tyuiu.NazarovAA.Sprint5.Task2.V21.Test", "Tyuiu.NazarovAA.Sprint5.Task2.V21.Test\Tyuiu.NazarovAA.Sprint5.Task2.V21.Test.csproj", "{DC492343-710B-4BA0-A08A-D5D0D44880A1}"
EndProject
Global
	GlobalSection(SolutionConfigurationPlatforms) = preSolution
		Debug|Any CPU = Debug|Any CPU
		Release|Any CPU = Release|Any CPU
	EndGlobalSection
	GlobalSection(ProjectConfigurationPlatforms) = postSolution
		{32578576-FD6D-4334-9C84-31D0B2F34EFF}.Debug|Any CPU.ActiveCfg = Debug|Any CPU
		{32578576-FD6D-4334-9C84-31D0B2F34EFF}.Debug|Any CPU.Build.0 = Debug|Any CPU
		{32578576-FD6D-4334-9C84-31D0B2F34EFF}.Release|Any CPU.ActiveCfg = Release|Any CPU
		{32578576-FD6D-4334-9C84-31D0B2F34EFF}.Release|Any CPU.Build.0 = Release|Any CPU
		{0A216DA3-7E7D-4A2E-B654-20F89410EB94}.Debug|Any CPU.ActiveCfg = Debug|Any CPU
		{0A216DA3-7E7D-4A2E-B654-20F89410EB94}.Debug|Any CPU.Build.0 = Debug|Any CPU
		{0A216DA3-7E7D-4A2E-B654-20F89410EB94}.Release|Any CPU.ActiveCfg = Release|Any CPU
		{0A216DA3-7E7D-4A2E-B654-20F89410EB94}.Release|Any CPU.Build.0 = Release|Any CPU
		{CE3211B4-D1A2-4391-ADBA-EC14EE09318C}.Debug|Any CPU.ActiveCfg = Debug|Any CPU
		{CE3211B4-D1A2-4391-ADBA-EC14EE09318C}.Debug|Any CPU.Build.0 = Debug|Any CPU
		{CE3211B4-D1A2-4391-ADBA-EC14EE09318C}.Release|Any CPU.ActiveCfg = Release|Any CPU
		{CE3211B4-D1A2-4391-ADBA-EC14EE09318C}.Release|Any CPU.Build.0 = Release|Any CPU
		{F30B2688-00F9-4EA7-BC8B-A323BBCFE7C3}.Debug|Any CPU.ActiveCfg = Debug|Any CPU
		{F30B2688-00F9-4EA7-BC8B-A323BBCFE7C3}.Debug|Any CPU.Build.0 = Debug|Any CPU
		{F30B2688-00F9-4EA7-BC8B-A323BBCFE7C3}.Release|Any CPU.ActiveCfg = Release|Any CPU
		{F30B2688-00F9-4EA7-BC8B-A323BBCFE7C3}.Release|Any CPU.Build.0 = Release|Any CPU
		{A057C8AC-2CD1-4DDB-99B8-3DD2AF3EC5B3}.Debug|Any CPU.ActiveCfg = Debug|Any CPU
		{A057C8AC-2CD1-4DDB-99B8-3DD2AF3EC5B3}.Debug|Any CPU.Build.0 = Debug|Any CPU
		{A057C8AC-2CD1-4DDB-99B8-3DD2AF3EC5B3}.Release|Any CPU.ActiveCfg = Release|Any CPU
		{A057C8AC-2CD1-4DDB-99B8-3DD2AF3EC5B3}.Release|Any CPU.Build.0 = Release|Any CPU
		{B02CD212-B30B-4FCE-9978-E040A6983438}.Debug|Any CPU.ActiveCfg = Debug|Any CPU
		{B02CD212-B30B-4FCE-9978-E040A6983438}.Debug|Any CPU.Build.0 = Debug|Any CPU
		{B02CD212-B30B-4FCE-9978-E040A6983438}.Release|Any CPU.ActiveCfg = Release|Any CPU
		{B02CD212-B30B-4FCE-9978-E040A6983438}.Release|Any CPU.Build.0 = Release|Any CPU
		{EB7AF4C1-19F5-4E07-91CC-71B8A97A3202}.Debug|Any CPU.ActiveCfg = Debug|Any CPU
		{EB7AF4C1-19F5-4E07-91CC-71B8A97A3202}.Debug|Any CPU.Build.0 = Debug|Any CPU
		{EB7AF4C1-19F5-4E07-91CC-71B8A97A3202}.Release|Any CPU.ActiveCfg = Release|Any CPU
		{EB7AF4C1-19F5-4E07-91CC-71B8A97A3202}.Release|Any CPU.Build.0 = Release|Any CPU
		{18F5E577-F64F-429A-B20A-67ACC2307252}.Debug|Any CPU.ActiveCfg = Debug|Any CPU
		{18F5E577-F64F-429A-B20A-67ACC2307252}.Debug|Any CPU.Build.0 = Debug|Any CPU
		{18F5E577-F64F-429A-B20A-67ACC2307252}.Release|Any CPU.ActiveCfg = Release|Any CPU
		{18F5E577-F64F-429A-B20A-67ACC2307252}.Release|Any CPU.Build.0 = Release|Any CPU
		{DC492343-710B-4BA0-A08A-D5D0D44880A1}.Debug|Any CPU.ActiveCfg = Debug|Any CPU
		{DC492343-710B-4BA0-A08A-D5D0D44880A1}.Debug|Any CPU.Build.0 = Debug|Any CPU
		{DC492343-710B-4BA0-A08A-D5D0D44880A1}.Release|Any CPU.ActiveCfg = Release|Any CPU
		{DC492343-710B-4BA0-A08A-D5D0D44880A1}.Release|Any CPU.Build.0 = Release|Any CPU
	EndGlobalSection
	GlobalSection(SolutionProperties) = preSolution
		HideSolutionNode = FALSE
	EndGlobalSection
	GlobalSection(NestedProjects) = preSolution
		{32578576-FD6D-4334-9C84-31D0B2F34EFF} = {02EA681E-C7D8-13C7-8484-4AC65E1B71E8}
		{0A216DA3-7E7D-4A2E-B654-20F89410EB94} = {02EA681E-C7D8-13C7-8484-4AC65E1B71E8}
		{CE3211B4-D1A2-4391-ADBA-EC14EE09318C} = {02EA681E-C7D8-13C7-8484-4AC65E1B71E8}
		{F30B2688-00F9-4EA7-BC8B-A323BBCFE7C3} = {E7A603D2-4F05-4FA5-8D60-7538D517C1A0}
		{A057C8AC-2CD1-4DDB-99B8-3DD2AF3EC5B3} = {E7A603D2-4F05-4FA5-8D60-7538D517C1A0}
		{B02CD212-B30B-4FCE-9978-E040A6983438} = {E7A603D2-4F05-4FA5-8D60-7538D517C1A0}
		{EB7AF4C1-19F5-4E07-91CC-71B8A97A3202} = {C425911F-F1FD-49BC-A729-DA1D6A92803D}
		{18F5E577-F64F-429A-B20A-67ACC2307252} = {C425911F-F1FD-49BC-A729-DA1D6A92803D}
		{DC492343-710B-4BA0-A08A-D5D0D44880A1} = {C425911F-F1FD-49BC-A729-DA1D6A92803D}
	EndGlobalSection
	GlobalSection(ExtensibilityGlobals) = postSolution
		SolutionGuid = {26BBDE26-6056-4A06-9746-4FB0015E009B}
	EndGlobalSection
EndGlobal
