
Microsoft Visual Studio Solution File, Format Version 12.00
# Visual Studio Version 17
VisualStudioVersion = 17.13.35931.197 d17.13
MinimumVisualStudioVersion = 10.0.40219.1
Project("{2150E333-8FDC-42A3-9474-1A3956D46DE8}") = "Task0", "Task0", "{02EA681E-C7D8-13C7-8484-4AC65E1B71E8}"
EndProject
Project("{FAE04EC0-301F-11D3-BF4B-00C04F79EFBC}") = "Tyuiu.NazarovAA.Sprint5.Task0.V25", "Tyuiu.NazarovAA.Sprint5.Task0.V25\Tyuiu.NazarovAA.Sprint5.Task0.V25.csproj", "{32578576-FD6D-4334-9C84-31D0B2F34EFF}"
EndProject
Project("{FAE04EC0-301F-11D3-BF4B-00C04F79EFBC}") = "Tyuiu.NazarovAA.Sprint5.Task0.V25.Lib", "Tyuiu.NazarovAA.Sprint5.Task0.V25.Lib\Tyuiu.NazarovAA.Sprint5.Task0.V25.Lib.csproj", "{0A216DA3-7E7D-4A2E-B654-20F89410EB94}"
EndProject
Project("{FAE04EC0-301F-11D3-BF4B-00C04F79EFBC}") = "Tyuiu.NazarovAA.Sprint5.Task0.V25.Test", "Tyuiu.NazarovAA.Sprint5.Task0.V25.Test\Tyuiu.NazarovAA.Sprint5.Task0.V25.Test.csproj", "{CE3211B4-D1A2-4391-ADBA-EC14EE09318C}"
EndProject
Global
	GlobalSection(SolutionConfigurationPlatforms) = preSolution
		Debug|Any CPU = Debug|Any CPU
		Release|Any CPU = Release|Any CPU
	EndGlobalSection
	GlobalSection(ProjectConfigurationPlatforms) = postSolution
		{32578576-FD6D-4334-9C84-31D0B2F34EFF}.Debug|Any CPU.ActiveCfg = Debug|Any CPU
		{32578576-FD6D-4334-9C84-31D0B2F34EFF}.Debug|Any CPU.Build.0 = Debug|Any CPU
		{32578576-FD6D-4334-9C84-31D0B2F34EFF}.Release|Any CPU.ActiveCfg = Release|Any CPU
		{32578576-FD6D-4334-9C84-31D0B2F34EFF}.Release|Any CPU.Build.0 = Release|Any CPU
		{0A216DA3-7E7D-4A2E-B654-20F89410EB94}.Debug|Any CPU.ActiveCfg = Debug|Any CPU
		{0A216DA3-7E7D-4A2E-B654-20F89410EB94}.Debug|Any CPU.Build.0 = Debug|Any CPU
		{0A216DA3-7E7D-4A2E-B654-20F89410EB94}.Release|Any CPU.ActiveCfg = Release|Any CPU
		{0A216DA3-7E7D-4A2E-B654-20F89410EB94}.Release|Any CPU.Build.0 = Release|Any CPU
		{CE3211B4-D1A2-4391-ADBA-EC14EE09318C}.Debug|Any CPU.ActiveCfg = Debug|Any CPU
		{CE3211B4-D1A2-4391-ADBA-EC14EE09318C}.Debug|Any CPU.Build.0 = Debug|Any CPU
		{CE3211B4-D1A2-4391-ADBA-EC14EE09318C}.Release|Any CPU.ActiveCfg = Release|Any CPU
		{CE3211B4-D1A2-4391-ADBA-EC14EE09318C}.Release|Any CPU.Build.0 = Release|Any CPU
	EndGlobalSection
	GlobalSection(SolutionProperties) = preSolution
		HideSolutionNode = FALSE
	EndGlobalSection
	GlobalSection(NestedProjects) = preSolution
		{32578576-FD6D-4334-9C84-31D0B2F34EFF} = {02EA681E-C7D8-13C7-8484-4AC65E1B71E8}
		{0A216DA3-7E7D-4A2E-B654-20F89410EB94} = {02EA681E-C7D8-13C7-8484-4AC65E1B71E8}
		{CE3211B4-D1A2-4391-ADBA-EC14EE09318C} = {02EA681E-C7D8-13C7-8484-4AC65E1B71E8}
	EndGlobalSection
	GlobalSection(ExtensibilityGlobals) = postSolution
		SolutionGuid = {26BBDE26-6056-4A06-9746-4FB0015E009B}
	EndGlobalSection
EndGlobal
