
Microsoft Visual Studio Solution File, Format Version 12.00
# Visual Studio Version 17
VisualStudioVersion = 17.13.35931.197
MinimumVisualStudioVersion = 10.0.40219.1
Project("{2150E333-8FDC-42A3-9474-1A3956D46DE8}") = "Task0", "Task0", "{02EA681E-C7D8-13C7-8484-4AC65E1B71E8}"
EndProject
Project("{FAE04EC0-301F-11D3-BF4B-00C04F79EFBC}") = "Tyuiu.NazarovAA.Sprint5.Task0.V25", "Tyuiu.NazarovAA.Sprint5.Task0.V25\Tyuiu.NazarovAA.Sprint5.Task0.V25.csproj", "{32578576-FD6D-4334-9C84-31D0B2F34EFF}"
EndProject
Project("{FAE04EC0-301F-11D3-BF4B-00C04F79EFBC}") = "Tyuiu.NazarovAA.Sprint5.Task0.V25.Lib", "Tyuiu.NazarovAA.Sprint5.Task0.V25.Lib\Tyuiu.NazarovAA.Sprint5.Task0.V25.Lib.csproj", "{0A216DA3-7E7D-4A2E-B654-20F89410EB94}"
EndProject
Project("{FAE04EC0-301F-11D3-BF4B-00C04F79EFBC}") = "Tyuiu.NazarovAA.Sprint5.Task0.V25.Test", "Tyuiu.NazarovAA.Sprint5.Task0.V25.Test\Tyuiu.NazarovAA.Sprint5.Task0.V25.Test.csproj", "{CE3211B4-D1A2-4391-ADBA-EC14EE09318C}"
EndProject
Project("{2150E333-8FDC-42A3-9474-1A3956D46DE8}") = "Task1", "Task1", "{E7A603D2-4F05-4FA5-8D60-7538D517C1A0}"
EndProject
Project("{FAE04EC0-301F-11D3-BF4B-00C04F79EFBC}") = "Tyuiu.NazarovAA.Sprint5.Task1.V21", "Tyuiu.NazarovAA.Sprint5.Task1.V21\Tyuiu.NazarovAA.Sprint5.Task1.V21.csproj", "{F30B2688-00F9-4EA7-BC8B-A323BBCFE7C3}"
EndProject
Project("{FAE04EC0-301F-11D3-BF4B-00C04F79EFBC}") = "Tyuiu.NazarovAA.Sprint5.Task1.V21.Test", "Tyuiu.NazarovAA.Sprint5.Task1.V21.Test\Tyuiu.NazarovAA.Sprint5.Task1.V21.Test.csproj", "{A057C8AC-2CD1-4DDB-99B8-3DD2AF3EC5B3}"
EndProject
Project("{FAE04EC0-301F-11D3-BF4B-00C04F79EFBC}") = "Tyuiu.NazarovAA.Sprint5.Task1.V21.Lib", "Tyuiu.NazarovAA.Sprint5.Task1.V21.Lib\Tyuiu.NazarovAA.Sprint5.Task1.V21.Lib.csproj", "{B02CD212-B30B-4FCE-9978-E040A6983438}"
EndProject
Project("{2150E333-8FDC-42A3-9474-1A3956D46DE8}") = "Task2", "Task2", "{C425911F-F1FD-49BC-A729-DA1D6A92803D}"
EndProject
Project("{FAE04EC0-301F-11D3-BF4B-00C04F79EFBC}") = "Tyuiu.NazarovAA.Sprint5.Task2.V21", "Tyuiu.NazarovAA.Sprint5.Task2.V21\Tyuiu.NazarovAA.Sprint5.Task2.V21.csproj", "{EB7AF4C1-19F5-4E07-91CC-71B8A97A3202}"
EndProject
Project("{FAE04EC0-301F-11D3-BF4B-00C04F79EFBC}") = "Tyuiu.NazarovAA.Sprint5.Task2.V21.Lib", "Tyuiu.NazarovAA.Sprint5.Task2.V21.Lib\Tyuiu.NazarovAA.Sprint5.Task2.V21.Lib.csproj", "{18F5E577-F64F-429A-B20A-67ACC2307252}"
EndProject
Project("{FAE04EC0-301F-11D3-BF4B-00C04F79EFBC}") = "Tyuiu.NazarovAA.Sprint5.Task2.V21.Test", "Tyuiu.NazarovAA.Sprint5.Task2.V21.Test\Tyuiu.NazarovAA.Sprint5.Task2.V21.Test.csproj", "{DC492343-710B-4BA0-A08A-D5D0D44880A1}"
EndProject
Project("{2150E333-8FDC-42A3-9474-1A3956D46DE8}") = "Task3", "Task3", "{339BC335-DB00-41B1-A7BE-EB465EEA8EEF}"
EndProject
Project("{FAE04EC0-301F-11D3-BF4B-00C04F79EFBC}") = "Tyuiu.NazarovAA.Sprint5.Task3.V21", "Tyuiu.NazarovAA.Sprint5.Task3.V21\Tyuiu.NazarovAA.Sprint5.Task3.V21.csproj", "{9881B882-4218-4A63-B1C0-394CB3509BEB}"
EndProject
Project("{FAE04EC0-301F-11D3-BF4B-00C04F79EFBC}") = "Tyuiu.NazarovAA.Sprint5.Task3.V21.Lib", "Tyuiu.NazarovAA.Sprint5.Task3.V21.Lib\Tyuiu.NazarovAA.Sprint5.Task3.V21.Lib.csproj", "{7B22201A-804B-42AE-8A81-0E532A1C1F28}"
EndProject
Project("{FAE04EC0-301F-11D3-BF4B-00C04F79EFBC}") = "Tyuiu.NazarovAA.Sprint5.Task3.V21.Test", "Tyuiu.NazarovAA.Sprint5.Task3.V21.Test\Tyuiu.NazarovAA.Sprint5.Task3.V21.Test.csproj", "{7A6048EA-3F68-4531-B719-FF2E70971CED}"
EndProject
Project("{2150E333-8FDC-42A3-9474-1A3956D46DE8}") = "Task4", "Task4", "{36D591C7-65C7-A0D1-1CBC-10CDE441BDC8}"
EndProject
Project("{FAE04EC0-301F-11D3-BF4B-00C04F79EFBC}") = "Tyuiu.NazarovAA.Sprint5.Task4.V20", "Tyuiu.NazarovAA.Sprint5.Task4.V20\Tyuiu.NazarovAA.Sprint5.Task4.V20.csproj", "{49CFE272-F9B8-42EA-9DD3-0D9F3F5CF840}"
EndProject
Project("{FAE04EC0-301F-11D3-BF4B-00C04F79EFBC}") = "Tyuiu.NazarovAA.Sprint5.Task4.V20.Lib", "Tyuiu.NazarovAA.Sprint5.Task4.V20.Lib\Tyuiu.NazarovAA.Sprint5.Task4.V20.Lib.csproj", "{78774FAB-299C-4F8C-AD2A-679487B93287}"
EndProject
Project("{FAE04EC0-301F-11D3-BF4B-00C04F79EFBC}") = "Tyuiu.NazarovAA.Sprint5.Task4.V20.Test", "Tyuiu.NazarovAA.Sprint5.Task4.V20.Test\Tyuiu.NazarovAA.Sprint5.Task4.V20.Test.csproj", "{CCDCF547-EF95-43D5-BF21-880AE6590DFB}"
EndProject
Project("{2150E333-8FDC-42A3-9474-1A3956D46DE8}") = "Task5", "Task5", "{37DA68D0-DE24-45D2-954E-A3395305D560}"
EndProject
Project("{FAE04EC0-301F-11D3-BF4B-00C04F79EFBC}") = "Tyuiu.NazarovAA.Sprint5.Task5.V21", "Tyuiu.NazarovAA.Sprint5.Task5.V21\Tyuiu.NazarovAA.Sprint5.Task5.V21.csproj", "{83CBEFD5-B5C9-418B-BB3E-47A78D00BCA5}"
EndProject
Project("{FAE04EC0-301F-11D3-BF4B-00C04F79EFBC}") = "Tyuiu.NazarovAA.Sprint5.Task5.V21.Lib", "Tyuiu.NazarovAA.Sprint5.Task5.V21.Lib\Tyuiu.NazarovAA.Sprint5.Task5.V21.Lib.csproj", "{CFE4FD50-67D2-4324-9757-0EBA15E18314}"
EndProject
Project("{FAE04EC0-301F-11D3-BF4B-00C04F79EFBC}") = "Tyuiu.NazarovAA.Sprint5.Task5.V21.Test", "Tyuiu.NazarovAA.Sprint5.Task5.V21.Test\Tyuiu.NazarovAA.Sprint5.Task5.V21.Test.csproj", "{37969790-0AC5-4B23-8BD2-0A91D29CB831}"
EndProject
Project("{2150E333-8FDC-42A3-9474-1A3956D46DE8}") = "Task6", "Task6", "{A1FCF00B-D74C-44E1-9357-EC76F444C3D9}"
EndProject
Project("{FAE04EC0-301F-11D3-BF4B-00C04F79EFBC}") = "Tyuiu.NazarovAA.Sprint5.Task6.V20", "Tyuiu.NazarovAA.Sprint5.Task6.V20\Tyuiu.NazarovAA.Sprint5.Task6.V20.csproj", "{BC51CFDF-0ED7-4535-AA15-E7473C990AB7}"
EndProject
Project("{FAE04EC0-301F-11D3-BF4B-00C04F79EFBC}") = "Tyuiu.NazarovAA.Sprint5.Task6.V20.Test", "Tyuiu.NazarovAA.Sprint5.Task6.V20.Test\Tyuiu.NazarovAA.Sprint5.Task6.V20.Test.csproj", "{7F9DB413-D738-4DC5-884B-1EA9575999D7}"
EndProject
Project("{FAE04EC0-301F-11D3-BF4B-00C04F79EFBC}") = "Tyuiu.NazarovAA.Sprint5.Task6.V20.Lib", "Tyuiu.NazarovAA.Sprint5.Task6.V20.Lib\Tyuiu.NazarovAA.Sprint5.Task6.V20.Lib.csproj", "{F32ADC86-BDDA-4CD3-B616-38E80A540AB6}"
EndProject
Project("{2150E333-8FDC-42A3-9474-1A3956D46DE8}") = "Task7", "Task7", "{5ABC74E9-52DD-4E0C-9104-DFF744955852}"
EndProject
Project("{FAE04EC0-301F-11D3-BF4B-00C04F79EFBC}") = "Tyuiu.NazarovAA.Sprint5.Task7.V21", "Tyuiu.NazarovAA.Sprint5.Task7.V21\Tyuiu.NazarovAA.Sprint5.Task7.V21.csproj", "{8C56BB54-7520-430B-901B-F3D70B8D0101}"
EndProject
Project("{FAE04EC0-301F-11D3-BF4B-00C04F79EFBC}") = "Tyuiu.NazarovAA.Sprint5.Task7.V21.Lib", "Tyuiu.NazarovAA.Sprint5.Task7.V21.Lib\Tyuiu.NazarovAA.Sprint5.Task7.V21.Lib.csproj", "{A816AD81-1D40-432F-9AA6-5B6ED7447323}"
EndProject
Project("{FAE04EC0-301F-11D3-BF4B-00C04F79EFBC}") = "Tyuiu.NazarovAA.Sprint5.Task7.V21.Test", "Tyuiu.NazarovAA.Sprint5.Task7.V21.Test\Tyuiu.NazarovAA.Sprint5.Task7.V21.Test.csproj", "{42FA1DED-BB93-44D4-A5F4-83651A2257A2}"
EndProject
Global
	GlobalSection(SolutionConfigurationPlatforms) = preSolution
		Debug|Any CPU = Debug|Any CPU
		Release|Any CPU = Release|Any CPU
	EndGlobalSection
	GlobalSection(ProjectConfigurationPlatforms) = postSolution
		{32578576-FD6D-4334-9C84-31D0B2F34EFF}.Debug|Any CPU.ActiveCfg = Debug|Any CPU
		{32578576-FD6D-4334-9C84-31D0B2F34EFF}.Debug|Any CPU.Build.0 = Debug|Any CPU
		{32578576-FD6D-4334-9C84-31D0B2F34EFF}.Release|Any CPU.ActiveCfg = Release|Any CPU
		{32578576-FD6D-4334-9C84-31D0B2F34EFF}.Release|Any CPU.Build.0 = Release|Any CPU
		{0A216DA3-7E7D-4A2E-B654-20F89410EB94}.Debug|Any CPU.ActiveCfg = Debug|Any CPU
		{0A216DA3-7E7D-4A2E-B654-20F89410EB94}.Debug|Any CPU.Build.0 = Debug|Any CPU
		{0A216DA3-7E7D-4A2E-B654-20F89410EB94}.Release|Any CPU.ActiveCfg = Release|Any CPU
		{0A216DA3-7E7D-4A2E-B654-20F89410EB94}.Release|Any CPU.Build.0 = Release|Any CPU
		{CE3211B4-D1A2-4391-ADBA-EC14EE09318C}.Debug|Any CPU.ActiveCfg = Debug|Any CPU
		{CE3211B4-D1A2-4391-ADBA-EC14EE09318C}.Debug|Any CPU.Build.0 = Debug|Any CPU
		{CE3211B4-D1A2-4391-ADBA-EC14EE09318C}.Release|Any CPU.ActiveCfg = Release|Any CPU
		{CE3211B4-D1A2-4391-ADBA-EC14EE09318C}.Release|Any CPU.Build.0 = Release|Any CPU
		{F30B2688-00F9-4EA7-BC8B-A323BBCFE7C3}.Debug|Any CPU.ActiveCfg = Debug|Any CPU
		{F30B2688-00F9-4EA7-BC8B-A323BBCFE7C3}.Debug|Any CPU.Build.0 = Debug|Any CPU
		{F30B2688-00F9-4EA7-BC8B-A323BBCFE7C3}.Release|Any CPU.ActiveCfg = Release|Any CPU
		{F30B2688-00F9-4EA7-BC8B-A323BBCFE7C3}.Release|Any CPU.Build.0 = Release|Any CPU
		{A057C8AC-2CD1-4DDB-99B8-3DD2AF3EC5B3}.Debug|Any CPU.ActiveCfg = Debug|Any CPU
		{A057C8AC-2CD1-4DDB-99B8-3DD2AF3EC5B3}.Debug|Any CPU.Build.0 = Debug|Any CPU
		{A057C8AC-2CD1-4DDB-99B8-3DD2AF3EC5B3}.Release|Any CPU.ActiveCfg = Release|Any CPU
		{A057C8AC-2CD1-4DDB-99B8-3DD2AF3EC5B3}.Release|Any CPU.Build.0 = Release|Any CPU
		{B02CD212-B30B-4FCE-9978-E040A6983438}.Debug|Any CPU.ActiveCfg = Debug|Any CPU
		{B02CD212-B30B-4FCE-9978-E040A6983438}.Debug|Any CPU.Build.0 = Debug|Any CPU
		{B02CD212-B30B-4FCE-9978-E040A6983438}.Release|Any CPU.ActiveCfg = Release|Any CPU
		{B02CD212-B30B-4FCE-9978-E040A6983438}.Release|Any CPU.Build.0 = Release|Any CPU
		{EB7AF4C1-19F5-4E07-91CC-71B8A97A3202}.Debug|Any CPU.ActiveCfg = Debug|Any CPU
		{EB7AF4C1-19F5-4E07-91CC-71B8A97A3202}.Debug|Any CPU.Build.0 = Debug|Any CPU
		{EB7AF4C1-19F5-4E07-91CC-71B8A97A3202}.Release|Any CPU.ActiveCfg = Release|Any CPU
		{EB7AF4C1-19F5-4E07-91CC-71B8A97A3202}.Release|Any CPU.Build.0 = Release|Any CPU
		{18F5E577-F64F-429A-B20A-67ACC2307252}.Debug|Any CPU.ActiveCfg = Debug|Any CPU
		{18F5E577-F64F-429A-B20A-67ACC2307252}.Debug|Any CPU.Build.0 = Debug|Any CPU
		{18F5E577-F64F-429A-B20A-67ACC2307252}.Release|Any CPU.ActiveCfg = Release|Any CPU
		{18F5E577-F64F-429A-B20A-67ACC2307252}.Release|Any CPU.Build.0 = Release|Any CPU
		{DC492343-710B-4BA0-A08A-D5D0D44880A1}.Debug|Any CPU.ActiveCfg = Debug|Any CPU
		{DC492343-710B-4BA0-A08A-D5D0D44880A1}.Debug|Any CPU.Build.0 = Debug|Any CPU
		{DC492343-710B-4BA0-A08A-D5D0D44880A1}.Release|Any CPU.ActiveCfg = Release|Any CPU
		{DC492343-710B-4BA0-A08A-D5D0D44880A1}.Release|Any CPU.Build.0 = Release|Any CPU
		{9881B882-4218-4A63-B1C0-394CB3509BEB}.Debug|Any CPU.ActiveCfg = Debug|Any CPU
		{9881B882-4218-4A63-B1C0-394CB3509BEB}.Debug|Any CPU.Build.0 = Debug|Any CPU
		{9881B882-4218-4A63-B1C0-394CB3509BEB}.Release|Any CPU.ActiveCfg = Release|Any CPU
		{9881B882-4218-4A63-B1C0-394CB3509BEB}.Release|Any CPU.Build.0 = Release|Any CPU
		{7B22201A-804B-42AE-8A81-0E532A1C1F28}.Debug|Any CPU.ActiveCfg = Debug|Any CPU
		{7B22201A-804B-42AE-8A81-0E532A1C1F28}.Debug|Any CPU.Build.0 = Debug|Any CPU
		{7B22201A-804B-42AE-8A81-0E532A1C1F28}.Release|Any CPU.ActiveCfg = Release|Any CPU
		{7B22201A-804B-42AE-8A81-0E532A1C1F28}.Release|Any CPU.Build.0 = Release|Any CPU
		{7A6048EA-3F68-4531-B719-FF2E70971CED}.Debug|Any CPU.ActiveCfg = Debug|Any CPU
		{7A6048EA-3F68-4531-B719-FF2E70971CED}.Debug|Any CPU.Build.0 = Debug|Any CPU
		{7A6048EA-3F68-4531-B719-FF2E70971CED}.Release|Any CPU.ActiveCfg = Release|Any CPU
		{7A6048EA-3F68-4531-B719-FF2E70971CED}.Release|Any CPU.Build.0 = Release|Any CPU
		{49CFE272-F9B8-42EA-9DD3-0D9F3F5CF840}.Debug|Any CPU.ActiveCfg = Debug|Any CPU
		{49CFE272-F9B8-42EA-9DD3-0D9F3F5CF840}.Debug|Any CPU.Build.0 = Debug|Any CPU
		{49CFE272-F9B8-42EA-9DD3-0D9F3F5CF840}.Release|Any CPU.ActiveCfg = Release|Any CPU
		{49CFE272-F9B8-42EA-9DD3-0D9F3F5CF840}.Release|Any CPU.Build.0 = Release|Any CPU
		{78774FAB-299C-4F8C-AD2A-679487B93287}.Debug|Any CPU.ActiveCfg = Debug|Any CPU
		{78774FAB-299C-4F8C-AD2A-679487B93287}.Debug|Any CPU.Build.0 = Debug|Any CPU
		{78774FAB-299C-4F8C-AD2A-679487B93287}.Release|Any CPU.ActiveCfg = Release|Any CPU
		{78774FAB-299C-4F8C-AD2A-679487B93287}.Release|Any CPU.Build.0 = Release|Any CPU
		{CCDCF547-EF95-43D5-BF21-880AE6590DFB}.Debug|Any CPU.ActiveCfg = Debug|Any CPU
		{CCDCF547-EF95-43D5-BF21-880AE6590DFB}.Debug|Any CPU.Build.0 = Debug|Any CPU
		{CCDCF547-EF95-43D5-BF21-880AE6590DFB}.Release|Any CPU.ActiveCfg = Release|Any CPU
		{CCDCF547-EF95-43D5-BF21-880AE6590DFB}.Release|Any CPU.Build.0 = Release|Any CPU
		{83CBEFD5-B5C9-418B-BB3E-47A78D00BCA5}.Debug|Any CPU.ActiveCfg = Debug|Any CPU
		{83CBEFD5-B5C9-418B-BB3E-47A78D00BCA5}.Debug|Any CPU.Build.0 = Debug|Any CPU
		{83CBEFD5-B5C9-418B-BB3E-47A78D00BCA5}.Release|Any CPU.ActiveCfg = Release|Any CPU
		{83CBEFD5-B5C9-418B-BB3E-47A78D00BCA5}.Release|Any CPU.Build.0 = Release|Any CPU
		{CFE4FD50-67D2-4324-9757-0EBA15E18314}.Debug|Any CPU.ActiveCfg = Debug|Any CPU
		{CFE4FD50-67D2-4324-9757-0EBA15E18314}.Debug|Any CPU.Build.0 = Debug|Any CPU
		{CFE4FD50-67D2-4324-9757-0EBA15E18314}.Release|Any CPU.ActiveCfg = Release|Any CPU
		{CFE4FD50-67D2-4324-9757-0EBA15E18314}.Release|Any CPU.Build.0 = Release|Any CPU
		{37969790-0AC5-4B23-8BD2-0A91D29CB831}.Debug|Any CPU.ActiveCfg = Debug|Any CPU
		{37969790-0AC5-4B23-8BD2-0A91D29CB831}.Debug|Any CPU.Build.0 = Debug|Any CPU
		{37969790-0AC5-4B23-8BD2-0A91D29CB831}.Release|Any CPU.ActiveCfg = Release|Any CPU
		{37969790-0AC5-4B23-8BD2-0A91D29CB831}.Release|Any CPU.Build.0 = Release|Any CPU
		{BC51CFDF-0ED7-4535-AA15-E7473C990AB7}.Debug|Any CPU.ActiveCfg = Debug|Any CPU
		{BC51CFDF-0ED7-4535-AA15-E7473C990AB7}.Debug|Any CPU.Build.0 = Debug|Any CPU
		{BC51CFDF-0ED7-4535-AA15-E7473C990AB7}.Release|Any CPU.ActiveCfg = Release|Any CPU
		{BC51CFDF-0ED7-4535-AA15-E7473C990AB7}.Release|Any CPU.Build.0 = Release|Any CPU
		{7F9DB413-D738-4DC5-884B-1EA9575999D7}.Debug|Any CPU.ActiveCfg = Debug|Any CPU
		{7F9DB413-D738-4DC5-884B-1EA9575999D7}.Debug|Any CPU.Build.0 = Debug|Any CPU
		{7F9DB413-D738-4DC5-884B-1EA9575999D7}.Release|Any CPU.ActiveCfg = Release|Any CPU
		{7F9DB413-D738-4DC5-884B-1EA9575999D7}.Release|Any CPU.Build.0 = Release|Any CPU
		{F32ADC86-BDDA-4CD3-B616-38E80A540AB6}.Debug|Any CPU.ActiveCfg = Debug|Any CPU
		{F32ADC86-BDDA-4CD3-B616-38E80A540AB6}.Debug|Any CPU.Build.0 = Debug|Any CPU
		{F32ADC86-BDDA-4CD3-B616-38E80A540AB6}.Release|Any CPU.ActiveCfg = Release|Any CPU
		{F32ADC86-BDDA-4CD3-B616-38E80A540AB6}.Release|Any CPU.Build.0 = Release|Any CPU
		{8C56BB54-7520-430B-901B-F3D70B8D0101}.Debug|Any CPU.ActiveCfg = Debug|Any CPU
		{8C56BB54-7520-430B-901B-F3D70B8D0101}.Debug|Any CPU.Build.0 = Debug|Any CPU
		{8C56BB54-7520-430B-901B-F3D70B8D0101}.Release|Any CPU.ActiveCfg = Release|Any CPU
		{8C56BB54-7520-430B-901B-F3D70B8D0101}.Release|Any CPU.Build.0 = Release|Any CPU
		{A816AD81-1D40-432F-9AA6-5B6ED7447323}.Debug|Any CPU.ActiveCfg = Debug|Any CPU
		{A816AD81-1D40-432F-9AA6-5B6ED7447323}.Debug|Any CPU.Build.0 = Debug|Any CPU
		{A816AD81-1D40-432F-9AA6-5B6ED7447323}.Release|Any CPU.ActiveCfg = Release|Any CPU
		{A816AD81-1D40-432F-9AA6-5B6ED7447323}.Release|Any CPU.Build.0 = Release|Any CPU
		{42FA1DED-BB93-44D4-A5F4-83651A2257A2}.Debug|Any CPU.ActiveCfg = Debug|Any CPU
		{42FA1DED-BB93-44D4-A5F4-83651A2257A2}.Debug|Any CPU.Build.0 = Debug|Any CPU
		{42FA1DED-BB93-44D4-A5F4-83651A2257A2}.Release|Any CPU.ActiveCfg = Release|Any CPU
		{42FA1DED-BB93-44D4-A5F4-83651A2257A2}.Release|Any CPU.Build.0 = Release|Any CPU
	EndGlobalSection
	GlobalSection(SolutionProperties) = preSolution
		HideSolutionNode = FALSE
	EndGlobalSection
	GlobalSection(NestedProjects) = preSolution
		{32578576-FD6D-4334-9C84-31D0B2F34EFF} = {02EA681E-C7D8-13C7-8484-4AC65E1B71E8}
		{0A216DA3-7E7D-4A2E-B654-20F89410EB94} = {02EA681E-C7D8-13C7-8484-4AC65E1B71E8}
		{CE3211B4-D1A2-4391-ADBA-EC14EE09318C} = {02EA681E-C7D8-13C7-8484-4AC65E1B71E8}
		{F30B2688-00F9-4EA7-BC8B-A323BBCFE7C3} = {E7A603D2-4F05-4FA5-8D60-7538D517C1A0}
		{A057C8AC-2CD1-4DDB-99B8-3DD2AF3EC5B3} = {E7A603D2-4F05-4FA5-8D60-7538D517C1A0}
		{B02CD212-B30B-4FCE-9978-E040A6983438} = {E7A603D2-4F05-4FA5-8D60-7538D517C1A0}
		{EB7AF4C1-19F5-4E07-91CC-71B8A97A3202} = {C425911F-F1FD-49BC-A729-DA1D6A92803D}
		{18F5E577-F64F-429A-B20A-67ACC2307252} = {C425911F-F1FD-49BC-A729-DA1D6A92803D}
		{DC492343-710B-4BA0-A08A-D5D0D44880A1} = {C425911F-F1FD-49BC-A729-DA1D6A92803D}
		{9881B882-4218-4A63-B1C0-394CB3509BEB} = {339BC335-DB00-41B1-A7BE-EB465EEA8EEF}
		{7B22201A-804B-42AE-8A81-0E532A1C1F28} = {339BC335-DB00-41B1-A7BE-EB465EEA8EEF}
		{7A6048EA-3F68-4531-B719-FF2E70971CED} = {339BC335-DB00-41B1-A7BE-EB465EEA8EEF}
		{49CFE272-F9B8-42EA-9DD3-0D9F3F5CF840} = {36D591C7-65C7-A0D1-1CBC-10CDE441BDC8}
		{78774FAB-299C-4F8C-AD2A-679487B93287} = {36D591C7-65C7-A0D1-1CBC-10CDE441BDC8}
		{CCDCF547-EF95-43D5-BF21-880AE6590DFB} = {36D591C7-65C7-A0D1-1CBC-10CDE441BDC8}
		{83CBEFD5-B5C9-418B-BB3E-47A78D00BCA5} = {37DA68D0-DE24-45D2-954E-A3395305D560}
		{CFE4FD50-67D2-4324-9757-0EBA15E18314} = {37DA68D0-DE24-45D2-954E-A3395305D560}
		{37969790-0AC5-4B23-8BD2-0A91D29CB831} = {37DA68D0-DE24-45D2-954E-A3395305D560}
		{BC51CFDF-0ED7-4535-AA15-E7473C990AB7} = {A1FCF00B-D74C-44E1-9357-EC76F444C3D9}
		{7F9DB413-D738-4DC5-884B-1EA9575999D7} = {A1FCF00B-D74C-44E1-9357-EC76F444C3D9}
		{F32ADC86-BDDA-4CD3-B616-38E80A540AB6} = {A1FCF00B-D74C-44E1-9357-EC76F444C3D9}
		{8C56BB54-7520-430B-901B-F3D70B8D0101} = {5ABC74E9-52DD-4E0C-9104-DFF744955852}
		{A816AD81-1D40-432F-9AA6-5B6ED7447323} = {5ABC74E9-52DD-4E0C-9104-DFF744955852}
		{42FA1DED-BB93-44D4-A5F4-83651A2257A2} = {5ABC74E9-52DD-4E0C-9104-DFF744955852}
	EndGlobalSection
	GlobalSection(ExtensibilityGlobals) = postSolution
		SolutionGuid = {26BBDE26-6056-4A06-9746-4FB0015E009B}
	EndGlobalSection
EndGlobal
